{
  "pins" : [
    {
      "identity" : "iqkeyboardcore",
      "kind" : "remoteSourceControl",
      "location" : "https://github.com/hackiftekhar/IQKeyboardCore.git",
      "state" : {
        "revision" : "4ece00fae7ddff664eb7b2c7d3b4b722bcdd438c",
        "version" : "1.0.9"
      }
    }
  ],
  "version" : 2
}
